
Microsoft Visual Studio Solution File, Format Version 12.00
# Visual Studio 15
VisualStudioVersion = 15.0.27428.2015
MinimumVisualStudioVersion = 10.0.40219.1
Project("{FAE04EC0-301F-11D3-BF4B-00C04F79EFBC}") = "Rezerwacje", "Rezerwacje\Rezerwacje.csproj", "{23EF19C2-202F-4386-A642-6816E1C66990}"
EndProject
Project("{FAE04EC0-301F-11D3-BF4B-00C04F79EFBC}") = "UnitTestProject1", "UnitTestProject1\UnitTestProject1.csproj", "{FC9B3E3A-AE80-4BE8-8E5C-40C7C4C4E409}"
EndProject
Global
	GlobalSection(SolutionConfigurationPlatforms) = preSolution
		Debug|Any CPU = Debug|Any CPU
		Debug|ARM = Debug|ARM
		Debug|x64 = Debug|x64
		Debug|x86 = Debug|x86
		Release|Any CPU = Release|Any CPU
		Release|ARM = Release|ARM
		Release|x64 = Release|x64
		Release|x86 = Release|x86
	EndGlobalSection
	GlobalSection(ProjectConfigurationPlatforms) = postSolution
		{23EF19C2-202F-4386-A642-6816E1C66990}.Debug|Any CPU.ActiveCfg = Debug|x86
		{23EF19C2-202F-4386-A642-6816E1C66990}.Debug|ARM.ActiveCfg = Debug|ARM
		{23EF19C2-202F-4386-A642-6816E1C66990}.Debug|ARM.Build.0 = Debug|ARM
		{23EF19C2-202F-4386-A642-6816E1C66990}.Debug|ARM.Deploy.0 = Debug|ARM
		{23EF19C2-202F-4386-A642-6816E1C66990}.Debug|x64.ActiveCfg = Debug|x64
		{23EF19C2-202F-4386-A642-6816E1C66990}.Debug|x64.Build.0 = Debug|x64
		{23EF19C2-202F-4386-A642-6816E1C66990}.Debug|x64.Deploy.0 = Debug|x64
		{23EF19C2-202F-4386-A642-6816E1C66990}.Debug|x86.ActiveCfg = Debug|x86
		{23EF19C2-202F-4386-A642-6816E1C66990}.Debug|x86.Build.0 = Debug|x86
		{23EF19C2-202F-4386-A642-6816E1C66990}.Debug|x86.Deploy.0 = Debug|x86
		{23EF19C2-202F-4386-A642-6816E1C66990}.Release|Any CPU.ActiveCfg = Release|x86
		{23EF19C2-202F-4386-A642-6816E1C66990}.Release|ARM.ActiveCfg = Release|ARM
		{23EF19C2-202F-4386-A642-6816E1C66990}.Release|ARM.Build.0 = Release|ARM
		{23EF19C2-202F-4386-A642-6816E1C66990}.Release|ARM.Deploy.0 = Release|ARM
		{23EF19C2-202F-4386-A642-6816E1C66990}.Release|x64.ActiveCfg = Release|x64
		{23EF19C2-202F-4386-A642-6816E1C66990}.Release|x64.Build.0 = Release|x64
		{23EF19C2-202F-4386-A642-6816E1C66990}.Release|x64.Deploy.0 = Release|x64
		{23EF19C2-202F-4386-A642-6816E1C66990}.Release|x86.ActiveCfg = Release|x86
		{23EF19C2-202F-4386-A642-6816E1C66990}.Release|x86.Build.0 = Release|x86
		{23EF19C2-202F-4386-A642-6816E1C66990}.Release|x86.Deploy.0 = Release|x86
		{FC9B3E3A-AE80-4BE8-8E5C-40C7C4C4E409}.Debug|Any CPU.ActiveCfg = Debug|Any CPU
		{FC9B3E3A-AE80-4BE8-8E5C-40C7C4C4E409}.Debug|Any CPU.Build.0 = Debug|Any CPU
		{FC9B3E3A-AE80-4BE8-8E5C-40C7C4C4E409}.Debug|ARM.ActiveCfg = Debug|Any CPU
		{FC9B3E3A-AE80-4BE8-8E5C-40C7C4C4E409}.Debug|ARM.Build.0 = Debug|Any CPU
		{FC9B3E3A-AE80-4BE8-8E5C-40C7C4C4E409}.Debug|x64.ActiveCfg = Debug|Any CPU
		{FC9B3E3A-AE80-4BE8-8E5C-40C7C4C4E409}.Debug|x64.Build.0 = Debug|Any CPU
		{FC9B3E3A-AE80-4BE8-8E5C-40C7C4C4E409}.Debug|x86.ActiveCfg = Debug|Any CPU
		{FC9B3E3A-AE80-4BE8-8E5C-40C7C4C4E409}.Debug|x86.Build.0 = Debug|Any CPU
		{FC9B3E3A-AE80-4BE8-8E5C-40C7C4C4E409}.Release|Any CPU.ActiveCfg = Release|Any CPU
		{FC9B3E3A-AE80-4BE8-8E5C-40C7C4C4E409}.Release|Any CPU.Build.0 = Release|Any CPU
		{FC9B3E3A-AE80-4BE8-8E5C-40C7C4C4E409}.Release|ARM.ActiveCfg = Release|Any CPU
		{FC9B3E3A-AE80-4BE8-8E5C-40C7C4C4E409}.Release|ARM.Build.0 = Release|Any CPU
		{FC9B3E3A-AE80-4BE8-8E5C-40C7C4C4E409}.Release|x64.ActiveCfg = Release|Any CPU
		{FC9B3E3A-AE80-4BE8-8E5C-40C7C4C4E409}.Release|x64.Build.0 = Release|Any CPU
		{FC9B3E3A-AE80-4BE8-8E5C-40C7C4C4E409}.Release|x86.ActiveCfg = Release|Any CPU
		{FC9B3E3A-AE80-4BE8-8E5C-40C7C4C4E409}.Release|x86.Build.0 = Release|Any CPU
	EndGlobalSection
	GlobalSection(SolutionProperties) = preSolution
		HideSolutionNode = FALSE
	EndGlobalSection
	GlobalSection(ExtensibilityGlobals) = postSolution
		SolutionGuid = {9C3E6B95-459E-4292-AA69-EB053C93D69E}
	EndGlobalSection
EndGlobal
